// !$*UTF8*$!
{
	archiveVersion = 1;
	classes = {
	};
	objectVersion = 55;
	objects = {

/* Begin PBXBuildFile section */
		7B42B0CB49267CD26E3C69A2 /* Pods_RxSwiftPractice_RxSwiftPracticeUITests.framework in Frameworks */ = {isa = PBXBuildFile; fileRef = 9FE8A64B3F9D800CFC0649BD /* Pods_RxSwiftPractice_RxSwiftPracticeUITests.framework */; };
		828478BEE3445E81924AA2A9 /* Pods_RxSwiftPractice.framework in Frameworks */ = {isa = PBXBuildFile; fileRef = 6CF0B4BC102C6EAA2D214DE6 /* Pods_RxSwiftPractice.framework */; };
		A56867F9277FE1CD004FD683 /* AppDelegate.swift in Sources */ = {isa = PBXBuildFile; fileRef = A56867F8277FE1CD004FD683 /* AppDelegate.swift */; };
		A56867FB277FE1CD004FD683 /* SceneDelegate.swift in Sources */ = {isa = PBXBuildFile; fileRef = A56867FA277FE1CD004FD683 /* SceneDelegate.swift */; };
		A56867FD277FE1CD004FD683 /* ViewController.swift in Sources */ = {isa = PBXBuildFile; fileRef = A56867FC277FE1CD004FD683 /* ViewController.swift */; };
		A5686800277FE1CD004FD683 /* Main.storyboard in Resources */ = {isa = PBXBuildFile; fileRef = A56867FE277FE1CD004FD683 /* Main.storyboard */; };
		A5686802277FE1CD004FD683 /* Assets.xcassets in Resources */ = {isa = PBXBuildFile; fileRef = A5686801277FE1CD004FD683 /* Assets.xcassets */; };
		A5686805277FE1CD004FD683 /* LaunchScreen.storyboard in Resources */ = {isa = PBXBuildFile; fileRef = A5686803277FE1CD004FD683 /* LaunchScreen.storyboard */; };
		A5686810277FE1CE004FD683 /* RxSwiftPracticeTests.swift in Sources */ = {isa = PBXBuildFile; fileRef = A568680F277FE1CE004FD683 /* RxSwiftPracticeTests.swift */; };
		A568681A277FE1CE004FD683 /* RxSwiftPracticeUITests.swift in Sources */ = {isa = PBXBuildFile; fileRef = A5686819277FE1CE004FD683 /* RxSwiftPracticeUITests.swift */; };
		A568681C277FE1CE004FD683 /* RxSwiftPracticeUITestsLaunchTests.swift in Sources */ = {isa = PBXBuildFile; fileRef = A568681B277FE1CE004FD683 /* RxSwiftPracticeUITestsLaunchTests.swift */; };
		F27D2DDBBACF31398B7F3DE7 /* Pods_RxSwiftPracticeTests.framework in Frameworks */ = {isa = PBXBuildFile; fileRef = 38CE82674790BFD2E3FF4B14 /* Pods_RxSwiftPracticeTests.framework */; };
/* End PBXBuildFile section */

/* Begin PBXContainerItemProxy section */
		A568680C277FE1CE004FD683 /* PBXContainerItemProxy */ = {
			isa = PBXContainerItemProxy;
			containerPortal = A56867ED277FE1CD004FD683 /* Project object */;
			proxyType = 1;
			remoteGlobalIDString = A56867F4277FE1CD004FD683;
			remoteInfo = RxSwiftPractice;
		};
		A5686816277FE1CE004FD683 /* PBXContainerItemProxy */ = {
			isa = PBXContainerItemProxy;
			containerPortal = A56867ED277FE1CD004FD683 /* Project object */;
			proxyType = 1;
			remoteGlobalIDString = A56867F4277FE1CD004FD683;
			remoteInfo = RxSwiftPractice;
		};
/* End PBXContainerItemProxy section */

/* Begin PBXFileReference section */
		38CE82674790BFD2E3FF4B14 /* Pods_RxSwiftPracticeTests.framework */ = {isa = PBXFileReference; explicitFileType = wrapper.framework; includeInIndex = 0; path = Pods_RxSwiftPracticeTests.framework; sourceTree = BUILT_PRODUCTS_DIR; };
		675857B05771E706A2400EA9 /* Pods-RxSwiftPractice-RxSwiftPracticeUITests.release.xcconfig */ = {isa = PBXFileReference; includeInIndex = 1; lastKnownFileType = text.xcconfig; name = "Pods-RxSwiftPractice-RxSwiftPracticeUITests.release.xcconfig"; path = "Target Support Files/Pods-RxSwiftPractice-RxSwiftPracticeUITests/Pods-RxSwiftPractice-RxSwiftPracticeUITests.release.xcconfig"; sourceTree = "<group>"; };
		6CF0B4BC102C6EAA2D214DE6 /* Pods_RxSwiftPractice.framework */ = {isa = PBXFileReference; explicitFileType = wrapper.framework; includeInIndex = 0; path = Pods_RxSwiftPractice.framework; sourceTree = BUILT_PRODUCTS_DIR; };
		8A5652F3A7E916E48ACA0295 /* Pods-RxSwiftPractice-RxSwiftPracticeUITests.debug.xcconfig */ = {isa = PBXFileReference; includeInIndex = 1; lastKnownFileType = text.xcconfig; name = "Pods-RxSwiftPractice-RxSwiftPracticeUITests.debug.xcconfig"; path = "Target Support Files/Pods-RxSwiftPractice-RxSwiftPracticeUITests/Pods-RxSwiftPractice-RxSwiftPracticeUITests.debug.xcconfig"; sourceTree = "<group>"; };
		92B016118657C553A48690BD /* Pods-RxSwiftPracticeTests.release.xcconfig */ = {isa = PBXFileReference; includeInIndex = 1; lastKnownFileType = text.xcconfig; name = "Pods-RxSwiftPracticeTests.release.xcconfig"; path = "Target Support Files/Pods-RxSwiftPracticeTests/Pods-RxSwiftPracticeTests.release.xcconfig"; sourceTree = "<group>"; };
		9FE8A64B3F9D800CFC0649BD /* Pods_RxSwiftPractice_RxSwiftPracticeUITests.framework */ = {isa = PBXFileReference; explicitFileType = wrapper.framework; includeInIndex = 0; path = Pods_RxSwiftPractice_RxSwiftPracticeUITests.framework; sourceTree = BUILT_PRODUCTS_DIR; };
		A56867F5277FE1CD004FD683 /* RxSwiftPractice.app */ = {isa = PBXFileReference; explicitFileType = wrapper.application; includeInIndex = 0; path = RxSwiftPractice.app; sourceTree = BUILT_PRODUCTS_DIR; };
		A56867F8277FE1CD004FD683 /* AppDelegate.swift */ = {isa = PBXFileReference; lastKnownFileType = sourcecode.swift; path = AppDelegate.swift; sourceTree = "<group>"; };
		A56867FA277FE1CD004FD683 /* SceneDelegate.swift */ = {isa = PBXFileReference; lastKnownFileType = sourcecode.swift; path = SceneDelegate.swift; sourceTree = "<group>"; };
		A56867FC277FE1CD004FD683 /* ViewController.swift */ = {isa = PBXFileReference; lastKnownFileType = sourcecode.swift; path = ViewController.swift; sourceTree = "<group>"; };
		A56867FF277FE1CD004FD683 /* Base */ = {isa = PBXFileReference; lastKnownFileType = file.storyboard; name = Base; path = Base.lproj/Main.storyboard; sourceTree = "<group>"; };
		A5686801277FE1CD004FD683 /* Assets.xcassets */ = {isa = PBXFileReference; lastKnownFileType = folder.assetcatalog; path = Assets.xcassets; sourceTree = "<group>"; };
		A5686804277FE1CD004FD683 /* Base */ = {isa = PBXFileReference; lastKnownFileType = file.storyboard; name = Base; path = Base.lproj/LaunchScreen.storyboard; sourceTree = "<group>"; };
		A5686806277FE1CD004FD683 /* Info.plist */ = {isa = PBXFileReference; lastKnownFileType = text.plist.xml; path = Info.plist; sourceTree = "<group>"; };
		A568680B277FE1CE004FD683 /* RxSwiftPracticeTests.xctest */ = {isa = PBXFileReference; explicitFileType = wrapper.cfbundle; includeInIndex = 0; path = RxSwiftPracticeTests.xctest; sourceTree = BUILT_PRODUCTS_DIR; };
		A568680F277FE1CE004FD683 /* RxSwiftPracticeTests.swift */ = {isa = PBXFileReference; lastKnownFileType = sourcecode.swift; path = RxSwiftPracticeTests.swift; sourceTree = "<group>"; };
		A5686815277FE1CE004FD683 /* RxSwiftPracticeUITests.xctest */ = {isa = PBXFileReference; explicitFileType = wrapper.cfbundle; includeInIndex = 0; path = RxSwiftPracticeUITests.xctest; sourceTree = BUILT_PRODUCTS_DIR; };
		A5686819277FE1CE004FD683 /* RxSwiftPracticeUITests.swift */ = {isa = PBXFileReference; lastKnownFileType = sourcecode.swift; path = RxSwiftPracticeUITests.swift; sourceTree = "<group>"; };
		A568681B277FE1CE004FD683 /* RxSwiftPracticeUITestsLaunchTests.swift */ = {isa = PBXFileReference; lastKnownFileType = sourcecode.swift; path = RxSwiftPracticeUITestsLaunchTests.swift; sourceTree = "<group>"; };
		A5686828277FE1E8004FD683 /* RxSwiftPractice.playground */ = {isa = PBXFileReference; lastKnownFileType = file.playground; path = RxSwiftPractice.playground; sourceTree = "<group>"; xcLanguageSpecificationIdentifier = xcode.lang.swift; };
		D6476141FA4CF18B743BD9A2 /* Pods-RxSwiftPracticeTests.debug.xcconfig */ = {isa = PBXFileReference; includeInIndex = 1; lastKnownFileType = text.xcconfig; name = "Pods-RxSwiftPracticeTests.debug.xcconfig"; path = "Target Support Files/Pods-RxSwiftPracticeTests/Pods-RxSwiftPracticeTests.debug.xcconfig"; sourceTree = "<group>"; };
		DF2976542414B5DF752E242A /* Pods-RxSwiftPractice.release.xcconfig */ = {isa = PBXFileReference; includeInIndex = 1; lastKnownFileType = text.xcconfig; name = "Pods-RxSwiftPractice.release.xcconfig"; path = "Target Support Files/Pods-RxSwiftPractice/Pods-RxSwiftPractice.release.xcconfig"; sourceTree = "<group>"; };
		FA6C4FB3AA5A5FF2C58A36BE /* Pods-RxSwiftPractice.debug.xcconfig */ = {isa = PBXFileReference; includeInIndex = 1; lastKnownFileType = text.xcconfig; name = "Pods-RxSwiftPractice.debug.xcconfig"; path = "Target Support Files/Pods-RxSwiftPractice/Pods-RxSwiftPractice.debug.xcconfig"; sourceTree = "<group>"; };
/* End PBXFileReference section */

/* Begin PBXFrameworksBuildPhase section */
		A56867F2277FE1CD004FD683 /* Frameworks */ = {
			isa = PBXFrameworksBuildPhase;
			buildActionMask = 2147483647;
			files = (
				828478BEE3445E81924AA2A9 /* Pods_RxSwiftPractice.framework in Frameworks */,
			);
			runOnlyForDeploymentPostprocessing = 0;
		};
		A5686808277FE1CE004FD683 /* Frameworks */ = {
			isa = PBXFrameworksBuildPhase;
			buildActionMask = 2147483647;
			files = (
				F27D2DDBBACF31398B7F3DE7 /* Pods_RxSwiftPracticeTests.framework in Frameworks */,
			);
			runOnlyForDeploymentPostprocessing = 0;
		};
		A5686812277FE1CE004FD683 /* Frameworks */ = {
			isa = PBXFrameworksBuildPhase;
			buildActionMask = 2147483647;
			files = (
				7B42B0CB49267CD26E3C69A2 /* Pods_RxSwiftPractice_RxSwiftPracticeUITests.framework in Frameworks */,
			);
			runOnlyForDeploymentPostprocessing = 0;
		};
/* End PBXFrameworksBuildPhase section */

/* Begin PBXGroup section */
		2C6078FF70BE263C37B29D64 /* Frameworks */ = {
			isa = PBXGroup;
			children = (
				6CF0B4BC102C6EAA2D214DE6 /* Pods_RxSwiftPractice.framework */,
				9FE8A64B3F9D800CFC0649BD /* Pods_RxSwiftPractice_RxSwiftPracticeUITests.framework */,
				38CE82674790BFD2E3FF4B14 /* Pods_RxSwiftPracticeTests.framework */,
			);
			name = Frameworks;
			sourceTree = "<group>";
		};
		A56867EC277FE1CD004FD683 = {
			isa = PBXGroup;
			children = (
				A5686828277FE1E8004FD683 /* RxSwiftPractice.playground */,
				A56867F7277FE1CD004FD683 /* RxSwiftPractice */,
				A568680E277FE1CE004FD683 /* RxSwiftPracticeTests */,
				A5686818277FE1CE004FD683 /* RxSwiftPracticeUITests */,
				A56867F6277FE1CD004FD683 /* Products */,
				E024872F69069ED98CEB6C9F /* Pods */,
				2C6078FF70BE263C37B29D64 /* Frameworks */,
			);
			sourceTree = "<group>";
		};
		A56867F6277FE1CD004FD683 /* Products */ = {
			isa = PBXGroup;
			children = (
				A56867F5277FE1CD004FD683 /* RxSwiftPractice.app */,
				A568680B277FE1CE004FD683 /* RxSwiftPracticeTests.xctest */,
				A5686815277FE1CE004FD683 /* RxSwiftPracticeUITests.xctest */,
			);
			name = Products;
			sourceTree = "<group>";
		};
		A56867F7277FE1CD004FD683 /* RxSwiftPractice */ = {
			isa = PBXGroup;
			children = (
				A56867F8277FE1CD004FD683 /* AppDelegate.swift */,
				A56867FA277FE1CD004FD683 /* SceneDelegate.swift */,
				A56867FC277FE1CD004FD683 /* ViewController.swift */,
				A56867FE277FE1CD004FD683 /* Main.storyboard */,
				A5686801277FE1CD004FD683 /* Assets.xcassets */,
				A5686803277FE1CD004FD683 /* LaunchScreen.storyboard */,
				A5686806277FE1CD004FD683 /* Info.plist */,
			);
			path = RxSwiftPractice;
			sourceTree = "<group>";
		};
		A568680E277FE1CE004FD683 /* RxSwiftPracticeTests */ = {
			isa = PBXGroup;
			children = (
				A568680F277FE1CE004FD683 /* RxSwiftPracticeTests.swift */,
			);
			path = RxSwiftPracticeTests;
			sourceTree = "<group>";
		};
		A5686818277FE1CE004FD683 /* RxSwiftPracticeUITests */ = {
			isa = PBXGroup;
			children = (
				A5686819277FE1CE004FD683 /* RxSwiftPracticeUITests.swift */,
				A568681B277FE1CE004FD683 /* RxSwiftPracticeUITestsLaunchTests.swift */,
			);
			path = RxSwiftPracticeUITests;
			sourceTree = "<group>";
		};
		E024872F69069ED98CEB6C9F /* Pods */ = {
			isa = PBXGroup;
			children = (
				FA6C4FB3AA5A5FF2C58A36BE /* Pods-RxSwiftPractice.debug.xcconfig */,
				DF2976542414B5DF752E242A /* Pods-RxSwiftPractice.release.xcconfig */,
				8A5652F3A7E916E48ACA0295 /* Pods-RxSwiftPractice-RxSwiftPracticeUITests.debug.xcconfig */,
				675857B05771E706A2400EA9 /* Pods-RxSwiftPractice-RxSwiftPracticeUITests.release.xcconfig */,
				D6476141FA4CF18B743BD9A2 /* Pods-RxSwiftPracticeTests.debug.xcconfig */,
				92B016118657C553A48690BD /* Pods-RxSwiftPracticeTests.release.xcconfig */,
			);
			path = Pods;
			sourceTree = "<group>";
		};
/* End PBXGroup section */

/* Begin PBXNativeTarget section */
		A56867F4277FE1CD004FD683 /* RxSwiftPractice */ = {
			isa = PBXNativeTarget;
			buildConfigurationList = A568681F277FE1CE004FD683 /* Build configuration list for PBXNativeTarget "RxSwiftPractice" */;
			buildPhases = (
				1D63CAED4B89183278BC266C /* [CP] Check Pods Manifest.lock */,
				A56867F1277FE1CD004FD683 /* Sources */,
				A56867F2277FE1CD004FD683 /* Frameworks */,
				A56867F3277FE1CD004FD683 /* Resources */,
				2B7CAA8989591AADA550E648 /* [CP] Embed Pods Frameworks */,
			);
			buildRules = (
			);
			dependencies = (
			);
			name = RxSwiftPractice;
			productName = RxSwiftPractice;
			productReference = A56867F5277FE1CD004FD683 /* RxSwiftPractice.app */;
			productType = "com.apple.product-type.application";
		};
		A568680A277FE1CE004FD683 /* RxSwiftPracticeTests */ = {
			isa = PBXNativeTarget;
			buildConfigurationList = A5686822277FE1CE004FD683 /* Build configuration list for PBXNativeTarget "RxSwiftPracticeTests" */;
			buildPhases = (
				9D1639F74610EAE3A03A8117 /* [CP] Check Pods Manifest.lock */,
				A5686807277FE1CE004FD683 /* Sources */,
				A5686808277FE1CE004FD683 /* Frameworks */,
				A5686809277FE1CE004FD683 /* Resources */,
			);
			buildRules = (
			);
			dependencies = (
				A568680D277FE1CE004FD683 /* PBXTargetDependency */,
			);
			name = RxSwiftPracticeTests;
			productName = RxSwiftPracticeTests;
			productReference = A568680B277FE1CE004FD683 /* RxSwiftPracticeTests.xctest */;
			productType = "com.apple.product-type.bundle.unit-test";
		};
		A5686814277FE1CE004FD683 /* RxSwiftPracticeUITests */ = {
			isa = PBXNativeTarget;
			buildConfigurationList = A5686825277FE1CE004FD683 /* Build configuration list for PBXNativeTarget "RxSwiftPracticeUITests" */;
			buildPhases = (
				78899DF132D48C2ECC56C45C /* [CP] Check Pods Manifest.lock */,
				A5686811277FE1CE004FD683 /* Sources */,
				A5686812277FE1CE004FD683 /* Frameworks */,
				A5686813277FE1CE004FD683 /* Resources */,
				E100E5E5F498B1BF3A251A02 /* [CP] Embed Pods Frameworks */,
			);
			buildRules = (
			);
			dependencies = (
				A5686817277FE1CE004FD683 /* PBXTargetDependency */,
			);
			name = RxSwiftPracticeUITests;
			productName = RxSwiftPracticeUITests;
			productReference = A5686815277FE1CE004FD683 /* RxSwiftPracticeUITests.xctest */;
			productType = "com.apple.product-type.bundle.ui-testing";
		};
/* End PBXNativeTarget section */

/* Begin PBXProject section */
		A56867ED277FE1CD004FD683 /* Project object */ = {
			isa = PBXProject;
			attributes = {
				BuildIndependentTargetsInParallel = 1;
				LastSwiftUpdateCheck = 1320;
				LastUpgradeCheck = 1320;
				TargetAttributes = {
					A56867F4277FE1CD004FD683 = {
						CreatedOnToolsVersion = 13.2.1;
					};
					A568680A277FE1CE004FD683 = {
						CreatedOnToolsVersion = 13.2.1;
						TestTargetID = A56867F4277FE1CD004FD683;
					};
					A5686814277FE1CE004FD683 = {
						CreatedOnToolsVersion = 13.2.1;
						TestTargetID = A56867F4277FE1CD004FD683;
					};
				};
			};
			buildConfigurationList = A56867F0277FE1CD004FD683 /* Build configuration list for PBXProject "RxSwiftPractice" */;
			compatibilityVersion = "Xcode 13.0";
			developmentRegion = en;
			hasScannedForEncodings = 0;
			knownRegions = (
				en,
				Base,
			);
			mainGroup = A56867EC277FE1CD004FD683;
			productRefGroup = A56867F6277FE1CD004FD683 /* Products */;
			projectDirPath = "";
			projectRoot = "";
			targets = (
				A56867F4277FE1CD004FD683 /* RxSwiftPractice */,
				A568680A277FE1CE004FD683 /* RxSwiftPracticeTests */,
				A5686814277FE1CE004FD683 /* RxSwiftPracticeUITests */,
			);
		};
/* End PBXProject section */

/* Begin PBXResourcesBuildPhase section */
		A56867F3277FE1CD004FD683 /* Resources */ = {
			isa = PBXResourcesBuildPhase;
			buildActionMask = 2147483647;
			files = (
				A5686805277FE1CD004FD683 /* LaunchScreen.storyboard in Resources */,
				A5686802277FE1CD004FD683 /* Assets.xcassets in Resources */,
				A5686800277FE1CD004FD683 /* Main.storyboard in Resources */,
			);
			runOnlyForDeploymentPostprocessing = 0;
		};
		A5686809277FE1CE004FD683 /* Resources */ = {
			isa = PBXResourcesBuildPhase;
			buildActionMask = 2147483647;
			files = (
			);
			runOnlyForDeploymentPostprocessing = 0;
		};
		A5686813277FE1CE004FD683 /* Resources */ = {
			isa = PBXResourcesBuildPhase;
			buildActionMask = 2147483647;
			files = (
			);
			runOnlyForDeploymentPostprocessing = 0;
		};
/* End PBXResourcesBuildPhase section */

/* Begin PBXShellScriptBuildPhase section */
		1D63CAED4B89183278BC266C /* [CP] Check Pods Manifest.lock */ = {
			isa = PBXShellScriptBuildPhase;
			buildActionMask = 2147483647;
			files = (
			);
			inputFileListPaths = (
			);
			inputPaths = (
				"${PODS_PODFILE_DIR_PATH}/Podfile.lock",
				"${PODS_ROOT}/Manifest.lock",
			);
			name = "[CP] Check Pods Manifest.lock";
			outputFileListPaths = (
			);
			outputPaths = (
				"$(DERIVED_FILE_DIR)/Pods-RxSwiftPractice-checkManifestLockResult.txt",
			);
			runOnlyForDeploymentPostprocessing = 0;
			shellPath = /bin/sh;
			shellScript = "diff \"${PODS_PODFILE_DIR_PATH}/Podfile.lock\" \"${PODS_ROOT}/Manifest.lock\" > /dev/null\nif [ $? != 0 ] ; then\n    # print error to STDERR\n    echo \"error: The sandbox is not in sync with the Podfile.lock. Run 'pod install' or update your CocoaPods installation.\" >&2\n    exit 1\nfi\n# This output is used by Xcode 'outputs' to avoid re-running this script phase.\necho \"SUCCESS\" > \"${SCRIPT_OUTPUT_FILE_0}\"\n";
			showEnvVarsInLog = 0;
		};
		2B7CAA8989591AADA550E648 /* [CP] Embed Pods Frameworks */ = {
			isa = PBXShellScriptBuildPhase;
			buildActionMask = 2147483647;
			files = (
			);
			inputFileListPaths = (
				"${PODS_ROOT}/Target Support Files/Pods-RxSwiftPractice/Pods-RxSwiftPractice-frameworks-${CONFIGURATION}-input-files.xcfilelist",
			);
			name = "[CP] Embed Pods Frameworks";
			outputFileListPaths = (
				"${PODS_ROOT}/Target Support Files/Pods-RxSwiftPractice/Pods-RxSwiftPractice-frameworks-${CONFIGURATION}-output-files.xcfilelist",
			);
			runOnlyForDeploymentPostprocessing = 0;
			shellPath = /bin/sh;
			shellScript = "\"${PODS_ROOT}/Target Support Files/Pods-RxSwiftPractice/Pods-RxSwiftPractice-frameworks.sh\"\n";
			showEnvVarsInLog = 0;
		};
		78899DF132D48C2ECC56C45C /* [CP] Check Pods Manifest.lock */ = {
			isa = PBXShellScriptBuildPhase;
			buildActionMask = 2147483647;
			files = (
			);
			inputFileListPaths = (
			);
			inputPaths = (
				"${PODS_PODFILE_DIR_PATH}/Podfile.lock",
				"${PODS_ROOT}/Manifest.lock",
			);
			name = "[CP] Check Pods Manifest.lock";
			outputFileListPaths = (
			);
			outputPaths = (
				"$(DERIVED_FILE_DIR)/Pods-RxSwiftPractice-RxSwiftPracticeUITests-checkManifestLockResult.txt",
			);
			runOnlyForDeploymentPostprocessing = 0;
			shellPath = /bin/sh;
			shellScript = "diff \"${PODS_PODFILE_DIR_PATH}/Podfile.lock\" \"${PODS_ROOT}/Manifest.lock\" > /dev/null\nif [ $? != 0 ] ; then\n    # print error to STDERR\n    echo \"error: The sandbox is not in sync with the Podfile.lock. Run 'pod install' or update your CocoaPods installation.\" >&2\n    exit 1\nfi\n# This output is used by Xcode 'outputs' to avoid re-running this script phase.\necho \"SUCCESS\" > \"${SCRIPT_OUTPUT_FILE_0}\"\n";
			showEnvVarsInLog = 0;
		};
		9D1639F74610EAE3A03A8117 /* [CP] Check Pods Manifest.lock */ = {
			isa = PBXShellScriptBuildPhase;
			buildActionMask = 2147483647;
			files = (
			);
			inputFileListPaths = (
			);
			inputPaths = (
				"${PODS_PODFILE_DIR_PATH}/Podfile.lock",
				"${PODS_ROOT}/Manifest.lock",
			);
			name = "[CP] Check Pods Manifest.lock";
			outputFileListPaths = (
			);
			outputPaths = (
				"$(DERIVED_FILE_DIR)/Pods-RxSwiftPracticeTests-checkManifestLockResult.txt",
			);
			runOnlyForDeploymentPostprocessing = 0;
			shellPath = /bin/sh;
			shellScript = "diff \"${PODS_PODFILE_DIR_PATH}/Podfile.lock\" \"${PODS_ROOT}/Manifest.lock\" > /dev/null\nif [ $? != 0 ] ; then\n    # print error to STDERR\n    echo \"error: The sandbox is not in sync with the Podfile.lock. Run 'pod install' or update your CocoaPods installation.\" >&2\n    exit 1\nfi\n# This output is used by Xcode 'outputs' to avoid re-running this script phase.\necho \"SUCCESS\" > \"${SCRIPT_OUTPUT_FILE_0}\"\n";
			showEnvVarsInLog = 0;
		};
		E100E5E5F498B1BF3A251A02 /* [CP] Embed Pods Frameworks */ = {
			isa = PBXShellScriptBuildPhase;
			buildActionMask = 2147483647;
			files = (
			);
			inputFileListPaths = (
				"${PODS_ROOT}/Target Support Files/Pods-RxSwiftPractice-RxSwiftPracticeUITests/Pods-RxSwiftPractice-RxSwiftPracticeUITests-frameworks-${CONFIGURATION}-input-files.xcfilelist",
			);
			name = "[CP] Embed Pods Frameworks";
			outputFileListPaths = (
				"${PODS_ROOT}/Target Support Files/Pods-RxSwiftPractice-RxSwiftPracticeUITests/Pods-RxSwiftPractice-RxSwiftPracticeUITests-frameworks-${CONFIGURATION}-output-files.xcfilelist",
			);
			runOnlyForDeploymentPostprocessing = 0;
			shellPath = /bin/sh;
			shellScript = "\"${PODS_ROOT}/Target Support Files/Pods-RxSwiftPractice-RxSwiftPracticeUITests/Pods-RxSwiftPractice-RxSwiftPracticeUITests-frameworks.sh\"\n";
			showEnvVarsInLog = 0;
		};
/* End PBXShellScriptBuildPhase section */

/* Begin PBXSourcesBuildPhase section */
		A56867F1277FE1CD004FD683 /* Sources */ = {
			isa = PBXSourcesBuildPhase;
			buildActionMask = 2147483647;
			files = (
				A56867FD277FE1CD004FD683 /* ViewController.swift in Sources */,
				A56867F9277FE1CD004FD683 /* AppDelegate.swift in Sources */,
				A56867FB277FE1CD004FD683 /* SceneDelegate.swift in Sources */,
			);
			runOnlyForDeploymentPostprocessing = 0;
		};
		A5686807277FE1CE004FD683 /* Sources */ = {
			isa = PBXSourcesBuildPhase;
			buildActionMask = 2147483647;
			files = (
				A5686810277FE1CE004FD683 /* RxSwiftPracticeTests.swift in Sources */,
			);
			runOnlyForDeploymentPostprocessing = 0;
		};
		A5686811277FE1CE004FD683 /* Sources */ = {
			isa = PBXSourcesBuildPhase;
			buildActionMask = 2147483647;
			files = (
				A568681A277FE1CE004FD683 /* RxSwiftPracticeUITests.swift in Sources */,
				A568681C277FE1CE004FD683 /* RxSwiftPracticeUITestsLaunchTests.swift in Sources */,
			);
			runOnlyForDeploymentPostprocessing = 0;
		};
/* End PBXSourcesBuildPhase section */

/* Begin PBXTargetDependency section */
		A568680D277FE1CE004FD683 /* PBXTargetDependency */ = {
			isa = PBXTargetDependency;
			target = A56867F4277FE1CD004FD683 /* RxSwiftPractice */;
			targetProxy = A568680C277FE1CE004FD683 /* PBXContainerItemProxy */;
		};
		A5686817277FE1CE004FD683 /* PBXTargetDependency */ = {
			isa = PBXTargetDependency;
			target = A56867F4277FE1CD004FD683 /* RxSwiftPractice */;
			targetProxy = A5686816277FE1CE004FD683 /* PBXContainerItemProxy */;
		};
/* End PBXTargetDependency section */

/* Begin PBXVariantGroup section */
		A56867FE277FE1CD004FD683 /* Main.storyboard */ = {
			isa = PBXVariantGroup;
			children = (
				A56867FF277FE1CD004FD683 /* Base */,
			);
			name = Main.storyboard;
			sourceTree = "<group>";
		};
		A5686803277FE1CD004FD683 /* LaunchScreen.storyboard */ = {
			isa = PBXVariantGroup;
			children = (
				A5686804277FE1CD004FD683 /* Base */,
			);
			name = LaunchScreen.storyboard;
			sourceTree = "<group>";
		};
/* End PBXVariantGroup section */

/* Begin XCBuildConfiguration section */
		A568681D277FE1CE004FD683 /* Debug */ = {
			isa = XCBuildConfiguration;
			buildSettings = {
				ALWAYS_SEARCH_USER_PATHS = NO;
				CLANG_ANALYZER_NONNULL = YES;
				CLANG_ANALYZER_NUMBER_OBJECT_CONVERSION = YES_AGGRESSIVE;
				CLANG_CXX_LANGUAGE_STANDARD = "gnu++17";
				CLANG_CXX_LIBRARY = "libc++";
				CLANG_ENABLE_MODULES = YES;
				CLANG_ENABLE_OBJC_ARC = YES;
				CLANG_ENABLE_OBJC_WEAK = YES;
				CLANG_WARN_BLOCK_CAPTURE_AUTORELEASING = YES;
				CLANG_WARN_BOOL_CONVERSION = YES;
				CLANG_WARN_COMMA = YES;
				CLANG_WARN_CONSTANT_CONVERSION = YES;
				CLANG_WARN_DEPRECATED_OBJC_IMPLEMENTATIONS = YES;
				CLANG_WARN_DIRECT_OBJC_ISA_USAGE = YES_ERROR;
				CLANG_WARN_DOCUMENTATION_COMMENTS = YES;
				CLANG_WARN_EMPTY_BODY = YES;
				CLANG_WARN_ENUM_CONVERSION = YES;
				CLANG_WARN_INFINITE_RECURSION = YES;
				CLANG_WARN_INT_CONVERSION = YES;
				CLANG_WARN_NON_LITERAL_NULL_CONVERSION = YES;
				CLANG_WARN_OBJC_IMPLICIT_RETAIN_SELF = YES;
				CLANG_WARN_OBJC_LITERAL_CONVERSION = YES;
				CLANG_WARN_OBJC_ROOT_CLASS = YES_ERROR;
				CLANG_WARN_QUOTED_INCLUDE_IN_FRAMEWORK_HEADER = YES;
				CLANG_WARN_RANGE_LOOP_ANALYSIS = YES;
				CLANG_WARN_STRICT_PROTOTYPES = YES;
				CLANG_WARN_SUSPICIOUS_MOVE = YES;
				CLANG_WARN_UNGUARDED_AVAILABILITY = YES_AGGRESSIVE;
				CLANG_WARN_UNREACHABLE_CODE = YES;
				CLANG_WARN__DUPLICATE_METHOD_MATCH = YES;
				COPY_PHASE_STRIP = NO;
				DEBUG_INFORMATION_FORMAT = dwarf;
				ENABLE_STRICT_OBJC_MSGSEND = YES;
				ENABLE_TESTABILITY = YES;
				GCC_C_LANGUAGE_STANDARD = gnu11;
				GCC_DYNAMIC_NO_PIC = NO;
				GCC_NO_COMMON_BLOCKS = YES;
				GCC_OPTIMIZATION_LEVEL = 0;
				GCC_PREPROCESSOR_DEFINITIONS = (
					"DEBUG=1",
					"$(inherited)",
				);
				GCC_WARN_64_TO_32_BIT_CONVERSION = YES;
				GCC_WARN_ABOUT_RETURN_TYPE = YES_ERROR;
				GCC_WARN_UNDECLARED_SELECTOR = YES;
				GCC_WARN_UNINITIALIZED_AUTOS = YES_AGGRESSIVE;
				GCC_WARN_UNUSED_FUNCTION = YES;
				GCC_WARN_UNUSED_VARIABLE = YES;
				IPHONEOS_DEPLOYMENT_TARGET = 15.2;
				MTL_ENABLE_DEBUG_INFO = INCLUDE_SOURCE;
				MTL_FAST_MATH = YES;
				ONLY_ACTIVE_ARCH = YES;
				SDKROOT = iphoneos;
				SWIFT_ACTIVE_COMPILATION_CONDITIONS = DEBUG;
				SWIFT_OPTIMIZATION_LEVEL = "-Onone";
			};
			name = Debug;
		};
		A568681E277FE1CE004FD683 /* Release */ = {
			isa = XCBuildConfiguration;
			buildSettings = {
				ALWAYS_SEARCH_USER_PATHS = NO;
				CLANG_ANALYZER_NONNULL = YES;
				CLANG_ANALYZER_NUMBER_OBJECT_CONVERSION = YES_AGGRESSIVE;
				CLANG_CXX_LANGUAGE_STANDARD = "gnu++17";
				CLANG_CXX_LIBRARY = "libc++";
				CLANG_ENABLE_MODULES = YES;
				CLANG_ENABLE_OBJC_ARC = YES;
				CLANG_ENABLE_OBJC_WEAK = YES;
				CLANG_WARN_BLOCK_CAPTURE_AUTORELEASING = YES;
				CLANG_WARN_BOOL_CONVERSION = YES;
				CLANG_WARN_COMMA = YES;
				CLANG_WARN_CONSTANT_CONVERSION = YES;
				CLANG_WARN_DEPRECATED_OBJC_IMPLEMENTATIONS = YES;
				CLANG_WARN_DIRECT_OBJC_ISA_USAGE = YES_ERROR;
				CLANG_WARN_DOCUMENTATION_COMMENTS = YES;
				CLANG_WARN_EMPTY_BODY = YES;
				CLANG_WARN_ENUM_CONVERSION = YES;
				CLANG_WARN_INFINITE_RECURSION = YES;
				CLANG_WARN_INT_CONVERSION = YES;
				CLANG_WARN_NON_LITERAL_NULL_CONVERSION = YES;
				CLANG_WARN_OBJC_IMPLICIT_RETAIN_SELF = YES;
				CLANG_WARN_OBJC_LITERAL_CONVERSION = YES;
				CLANG_WARN_OBJC_ROOT_CLASS = YES_ERROR;
				CLANG_WARN_QUOTED_INCLUDE_IN_FRAMEWORK_HEADER = YES;
				CLANG_WARN_RANGE_LOOP_ANALYSIS = YES;
				CLANG_WARN_STRICT_PROTOTYPES = YES;
				CLANG_WARN_SUSPICIOUS_MOVE = YES;
				CLANG_WARN_UNGUARDED_AVAILABILITY = YES_AGGRESSIVE;
				CLANG_WARN_UNREACHABLE_CODE = YES;
				CLANG_WARN__DUPLICATE_METHOD_MATCH = YES;
				COPY_PHASE_STRIP = NO;
				DEBUG_INFORMATION_FORMAT = "dwarf-with-dsym";
				ENABLE_NS_ASSERTIONS = NO;
				ENABLE_STRICT_OBJC_MSGSEND = YES;
				GCC_C_LANGUAGE_STANDARD = gnu11;
				GCC_NO_COMMON_BLOCKS = YES;
				GCC_WARN_64_TO_32_BIT_CONVERSION = YES;
				GCC_WARN_ABOUT_RETURN_TYPE = YES_ERROR;
				GCC_WARN_UNDECLARED_SELECTOR = YES;
				GCC_WARN_UNINITIALIZED_AUTOS = YES_AGGRESSIVE;
				GCC_WARN_UNUSED_FUNCTION = YES;
				GCC_WARN_UNUSED_VARIABLE = YES;
				IPHONEOS_DEPLOYMENT_TARGET = 15.2;
				MTL_ENABLE_DEBUG_INFO = NO;
				MTL_FAST_MATH = YES;
				SDKROOT = iphoneos;
				SWIFT_COMPILATION_MODE = wholemodule;
				SWIFT_OPTIMIZATION_LEVEL = "-O";
				VALIDATE_PRODUCT = YES;
			};
			name = Release;
		};
		A5686820277FE1CE004FD683 /* Debug */ = {
			isa = XCBuildConfiguration;
			baseConfigurationReference = FA6C4FB3AA5A5FF2C58A36BE /* Pods-RxSwiftPractice.debug.xcconfig */;
			buildSettings = {
				ALWAYS_EMBED_SWIFT_STANDARD_LIBRARIES = "$(inherited)";
				ASSETCATALOG_COMPILER_APPICON_NAME = AppIcon;
				ASSETCATALOG_COMPILER_GLOBAL_ACCENT_COLOR_NAME = AccentColor;
				CODE_SIGN_STYLE = Automatic;
				CURRENT_PROJECT_VERSION = 1;
				DEVELOPMENT_TEAM = GTB6BR222W;
				GENERATE_INFOPLIST_FILE = YES;
				INFOPLIST_FILE = RxSwiftPractice/Info.plist;
				INFOPLIST_KEY_UIApplicationSupportsIndirectInputEvents = YES;
				INFOPLIST_KEY_UILaunchStoryboardName = LaunchScreen;
				INFOPLIST_KEY_UIMainStoryboardFile = Main;
				INFOPLIST_KEY_UISupportedInterfaceOrientations_iPad = "UIInterfaceOrientationPortrait UIInterfaceOrientationPortraitUpsideDown UIInterfaceOrientationLandscapeLeft UIInterfaceOrientationLandscapeRight";
				INFOPLIST_KEY_UISupportedInterfaceOrientations_iPhone = "UIInterfaceOrientationPortrait UIInterfaceOrientationLandscapeLeft UIInterfaceOrientationLandscapeRight";
				LD_RUNPATH_SEARCH_PATHS = (
					"$(inherited)",
					"@executable_path/Frameworks",
				);
				MARKETING_VERSION = 1.0;
				PRODUCT_BUNDLE_IDENTIFIER = com.Harry.RxSwiftPractice;
				PRODUCT_NAME = "$(TARGET_NAME)";
				SWIFT_EMIT_LOC_STRINGS = YES;
				SWIFT_VERSION = 5.0;
				TARGETED_DEVICE_FAMILY = "1,2";
			};
			name = Debug;
		};
		A5686821277FE1CE004FD683 /* Release */ = {
			isa = XCBuildConfiguration;
			baseConfigurationReference = DF2976542414B5DF752E242A /* Pods-RxSwiftPractice.release.xcconfig */;
			buildSettings = {
				ALWAYS_EMBED_SWIFT_STANDARD_LIBRARIES = "$(inherited)";
				ASSETCATALOG_COMPILER_APPICON_NAME = AppIcon;
				ASSETCATALOG_COMPILER_GLOBAL_ACCENT_COLOR_NAME = AccentColor;
				CODE_SIGN_STYLE = Automatic;
				CURRENT_PROJECT_VERSION = 1;
				DEVELOPMENT_TEAM = GTB6BR222W;
				GENERATE_INFOPLIST_FILE = YES;
				INFOPLIST_FILE = RxSwiftPractice/Info.plist;
				INFOPLIST_KEY_UIApplicationSupportsIndirectInputEvents = YES;
				INFOPLIST_KEY_UILaunchStoryboardName = LaunchScreen;
				INFOPLIST_KEY_UIMainStoryboardFile = Main;
				INFOPLIST_KEY_UISupportedInterfaceOrientations_iPad = "UIInterfaceOrientationPortrait UIInterfaceOrientationPortraitUpsideDown UIInterfaceOrientationLandscapeLeft UIInterfaceOrientationLandscapeRight";
				INFOPLIST_KEY_UISupportedInterfaceOrientations_iPhone = "UIInterfaceOrientationPortrait UIInterfaceOrientationLandscapeLeft UIInterfaceOrientationLandscapeRight";
				LD_RUNPATH_SEARCH_PATHS = (
					"$(inherited)",
					"@executable_path/Frameworks",
				);
				MARKETING_VERSION = 1.0;
				PRODUCT_BUNDLE_IDENTIFIER = com.Harry.RxSwiftPractice;
				PRODUCT_NAME = "$(TARGET_NAME)";
				SWIFT_EMIT_LOC_STRINGS = YES;
				SWIFT_VERSION = 5.0;
				TARGETED_DEVICE_FAMILY = "1,2";
			};
			name = Release;
		};
		A5686823277FE1CE004FD683 /* Debug */ = {
			isa = XCBuildConfiguration;
			baseConfigurationReference = D6476141FA4CF18B743BD9A2 /* Pods-RxSwiftPracticeTests.debug.xcconfig */;
			buildSettings = {
				ALWAYS_EMBED_SWIFT_STANDARD_LIBRARIES = "$(inherited)";
				BUNDLE_LOADER = "$(TEST_HOST)";
				CODE_SIGN_STYLE = Automatic;
				CURRENT_PROJECT_VERSION = 1;
				DEVELOPMENT_TEAM = GTB6BR222W;
				GENERATE_INFOPLIST_FILE = YES;
				IPHONEOS_DEPLOYMENT_TARGET = 15.2;
				MARKETING_VERSION = 1.0;
				PRODUCT_BUNDLE_IDENTIFIER = com.Harry.RxSwiftPracticeTests;
				PRODUCT_NAME = "$(TARGET_NAME)";
				SWIFT_EMIT_LOC_STRINGS = NO;
				SWIFT_VERSION = 5.0;
				TARGETED_DEVICE_FAMILY = "1,2";
				TEST_HOST = "$(BUILT_PRODUCTS_DIR)/RxSwiftPractice.app/RxSwiftPractice";
			};
			name = Debug;
		};
		A5686824277FE1CE004FD683 /* Release */ = {
			isa = XCBuildConfiguration;
			baseConfigurationReference = 92B016118657C553A48690BD /* Pods-RxSwiftPracticeTests.release.xcconfig */;
			buildSettings = {
				ALWAYS_EMBED_SWIFT_STANDARD_LIBRARIES = "$(inherited)";
				BUNDLE_LOADER = "$(TEST_HOST)";
				CODE_SIGN_STYLE = Automatic;
				CURRENT_PROJECT_VERSION = 1;
				DEVELOPMENT_TEAM = GTB6BR222W;
				GENERATE_INFOPLIST_FILE = YES;
				IPHONEOS_DEPLOYMENT_TARGET = 15.2;
				MARKETING_VERSION = 1.0;
				PRODUCT_BUNDLE_IDENTIFIER = com.Harry.RxSwiftPracticeTests;
				PRODUCT_NAME = "$(TARGET_NAME)";
				SWIFT_EMIT_LOC_STRINGS = NO;
				SWIFT_VERSION = 5.0;
				TARGETED_DEVICE_FAMILY = "1,2";
				TEST_HOST = "$(BUILT_PRODUCTS_DIR)/RxSwiftPractice.app/RxSwiftPractice";
			};
			name = Release;
		};
		A5686826277FE1CE004FD683 /* Debug */ = {
			isa = XCBuildConfiguration;
			baseConfigurationReference = 8A5652F3A7E916E48ACA0295 /* Pods-RxSwiftPractice-RxSwiftPracticeUITests.debug.xcconfig */;
			buildSettings = {
				ALWAYS_EMBED_SWIFT_STANDARD_LIBRARIES = "$(inherited)";
				CODE_SIGN_STYLE = Automatic;
				CURRENT_PROJECT_VERSION = 1;
				DEVELOPMENT_TEAM = GTB6BR222W;
				GENERATE_INFOPLIST_FILE = YES;
				MARKETING_VERSION = 1.0;
				PRODUCT_BUNDLE_IDENTIFIER = com.Harry.RxSwiftPracticeUITests;
				PRODUCT_NAME = "$(TARGET_NAME)";
				SWIFT_EMIT_LOC_STRINGS = NO;
				SWIFT_VERSION = 5.0;
				TARGETED_DEVICE_FAMILY = "1,2";
				TEST_TARGET_NAME = RxSwiftPractice;
			};
			name = Debug;
		};
		A5686827277FE1CE004FD683 /* Release */ = {
			isa = XCBuildConfiguration;
			baseConfigurationReference = 675857B05771E706A2400EA9 /* Pods-RxSwiftPractice-RxSwiftPracticeUITests.release.xcconfig */;
			buildSettings = {
				ALWAYS_EMBED_SWIFT_STANDARD_LIBRARIES = "$(inherited)";
				CODE_SIGN_STYLE = Automatic;
				CURRENT_PROJECT_VERSION = 1;
				DEVELOPMENT_TEAM = GTB6BR222W;
				GENERATE_INFOPLIST_FILE = YES;
				MARKETING_VERSION = 1.0;
				PRODUCT_BUNDLE_IDENTIFIER = com.Harry.RxSwiftPracticeUITests;
				PRODUCT_NAME = "$(TARGET_NAME)";
				SWIFT_EMIT_LOC_STRINGS = NO;
				SWIFT_VERSION = 5.0;
				TARGETED_DEVICE_FAMILY = "1,2";
				TEST_TARGET_NAME = RxSwiftPractice;
			};
			name = Release;
		};
/* End XCBuildConfiguration section */

/* Begin XCConfigurationList section */
		A56867F0277FE1CD004FD683 /* Build configuration list for PBXProject "RxSwiftPractice" */ = {
			isa = XCConfigurationList;
			buildConfigurations = (
				A568681D277FE1CE004FD683 /* Debug */,
				A568681E277FE1CE004FD683 /* Release */,
			);
			defaultConfigurationIsVisible = 0;
			defaultConfigurationName = Release;
		};
		A568681F277FE1CE004FD683 /* Build configuration list for PBXNativeTarget "RxSwiftPractice" */ = {
			isa = XCConfigurationList;
			buildConfigurations = (
				A5686820277FE1CE004FD683 /* Debug */,
				A5686821277FE1CE004FD683 /* Release */,
			);
			defaultConfigurationIsVisible = 0;
			defaultConfigurationName = Release;
		};
		A5686822277FE1CE004FD683 /* Build configuration list for PBXNativeTarget "RxSwiftPracticeTests" */ = {
			isa = XCConfigurationList;
			buildConfigurations = (
				A5686823277FE1CE004FD683 /* Debug */,
				A5686824277FE1CE004FD683 /* Release */,
			);
			defaultConfigurationIsVisible = 0;
			defaultConfigurationName = Release;
		};
		A5686825277FE1CE004FD683 /* Build configuration list for PBXNativeTarget "RxSwiftPracticeUITests" */ = {
			isa = XCConfigurationList;
			buildConfigurations = (
				A5686826277FE1CE004FD683 /* Debug */,
				A5686827277FE1CE004FD683 /* Release */,
			);
			defaultConfigurationIsVisible = 0;
			defaultConfigurationName = Release;
		};
/* End XCConfigurationList section */
	};
	rootObject = A56867ED277FE1CD004FD683 /* Project object */;
}
